
Microsoft Visual Studio Solution File, Format Version 12.00
# Visual Studio Version 17
VisualStudioVersion = 17.7.34202.233
MinimumVisualStudioVersion = 10.0.40219.1
Project("{888888A0-9F3D-457C-B088-3A5042F75D52}") = "Husak the Goose", "Husak the Goose.pyproj", "{ACC39612-5FBD-4D70-919A-0C58C46924E8}"
EndProject
Global
	GlobalSection(SolutionConfigurationPlatforms) = preSolution
		Debug|Any CPU = Debug|Any CPU
		Release|Any CPU = Release|Any CPU
	EndGlobalSection
	GlobalSection(ProjectConfigurationPlatforms) = postSolution
		{ACC39612-5FBD-4D70-919A-0C58C46924E8}.Debug|Any CPU.ActiveCfg = Debug|Any CPU
		{ACC39612-5FBD-4D70-919A-0C58C46924E8}.Release|Any CPU.ActiveCfg = Release|Any CPU
	EndGlobalSection
	GlobalSection(SolutionProperties) = preSolution
		HideSolutionNode = FALSE
	EndGlobalSection
	GlobalSection(ExtensibilityGlobals) = postSolution
		SolutionGuid = {0123910C-E994-47DB-8F64-9040DC4AB684}
	EndGlobalSection
EndGlobal
